Microsoft Visual Studio Solution File, Format Version 12.00
# Visual Studio Version 17
VisualStudioVersion = 17.5.2.0
MinimumVisualStudioVersion = 10.0.40219.1
Project("{FAE04EC0-301F-11D3-BF4B-00C04F79EFBC}") = "NP14", "NP14.csproj", "{1A02D36D-7C9D-3CED-D6AB-5903FE95AF4D}"
EndProject
Global
	GlobalSection(SolutionConfigurationPlatforms) = preSolution
		Debug|Any CPU = Debug|Any CPU
		Release|Any CPU = Release|Any CPU
	EndGlobalSection
	GlobalSection(ProjectConfigurationPlatforms) = postSolution
		{1A02D36D-7C9D-3CED-D6AB-5903FE95AF4D}.Debug|Any CPU.ActiveCfg = Debug|Any CPU
		{1A02D36D-7C9D-3CED-D6AB-5903FE95AF4D}.Debug|Any CPU.Build.0 = Debug|Any CPU
		{1A02D36D-7C9D-3CED-D6AB-5903FE95AF4D}.Release|Any CPU.ActiveCfg = Release|Any CPU
		{1A02D36D-7C9D-3CED-D6AB-5903FE95AF4D}.Release|Any CPU.Build.0 = Release|Any CPU
	EndGlobalSection
	GlobalSection(SolutionProperties) = preSolution
		HideSolutionNode = FALSE
	EndGlobalSection
	GlobalSection(ExtensibilityGlobals) = postSolution
		SolutionGuid = {58485712-70AC-43A4-8BAE-0AB738B9FD91}
	EndGlobalSection
EndGlobal
